
Microsoft Visual Studio Solution File, Format Version 12.00
# Visual Studio 15
VisualStudioVersion = 15.0.28307.572
MinimumVisualStudioVersion = 10.0.40219.1
Project("{888888A0-9F3D-457C-B088-3A5042F75D52}") = "catcoderP", "catcoderP\catcoderP.pyproj", "{2D6D7E21-34AA-4476-9E7C-A574F4D489E2}"
EndProject
Global
	GlobalSection(SolutionConfigurationPlatforms) = preSolution
		Debug|Any CPU = Debug|Any CPU
		Release|Any CPU = Release|Any CPU
	EndGlobalSection
	GlobalSection(ProjectConfigurationPlatforms) = postSolution
		{2D6D7E21-34AA-4476-9E7C-A574F4D489E2}.Debug|Any CPU.ActiveCfg = Debug|Any CPU
		{2D6D7E21-34AA-4476-9E7C-A574F4D489E2}.Release|Any CPU.ActiveCfg = Release|Any CPU
	EndGlobalSection
	GlobalSection(SolutionProperties) = preSolution
		HideSolutionNode = FALSE
	EndGlobalSection
	GlobalSection(ExtensibilityGlobals) = postSolution
		SolutionGuid = {A6123A2C-8DD6-462A-9FFB-0CAF096785F2}
	EndGlobalSection
EndGlobal
