
Microsoft Visual Studio Solution File, Format Version 12.00
# Visual Studio 15
VisualStudioVersion = 15.0.28307.572
MinimumVisualStudioVersion = 10.0.40219.1
Project("{888888A0-9F3D-457C-B088-3A5042F75D52}") = "textSpiel", "textSpiel\textSpiel.pyproj", "{9B4FFFA3-F92B-4B60-9DFA-EE66944CAF7A}"
EndProject
Global
	GlobalSection(SolutionConfigurationPlatforms) = preSolution
		Debug|Any CPU = Debug|Any CPU
		Release|Any CPU = Release|Any CPU
	EndGlobalSection
	GlobalSection(ProjectConfigurationPlatforms) = postSolution
		{9B4FFFA3-F92B-4B60-9DFA-EE66944CAF7A}.Debug|Any CPU.ActiveCfg = Debug|Any CPU
		{9B4FFFA3-F92B-4B60-9DFA-EE66944CAF7A}.Release|Any CPU.ActiveCfg = Release|Any CPU
	EndGlobalSection
	GlobalSection(SolutionProperties) = preSolution
		HideSolutionNode = FALSE
	EndGlobalSection
	GlobalSection(ExtensibilityGlobals) = postSolution
		SolutionGuid = {C7956827-0BC0-4B9A-9018-58429C4425AB}
	EndGlobalSection
EndGlobal
