
Microsoft Visual Studio Solution File, Format Version 12.00
# Visual Studio 15
VisualStudioVersion = 15.0.28307.572
MinimumVisualStudioVersion = 10.0.40219.1
Project("{888888A0-9F3D-457C-B088-3A5042F75D52}") = "Ue1HAG", "Ue1HAG\Ue1HAG.pyproj", "{3E1EEE22-B145-4A98-BA1C-F7564D2A70DB}"
EndProject
Global
	GlobalSection(SolutionConfigurationPlatforms) = preSolution
		Debug|Any CPU = Debug|Any CPU
		Release|Any CPU = Release|Any CPU
	EndGlobalSection
	GlobalSection(ProjectConfigurationPlatforms) = postSolution
		{3E1EEE22-B145-4A98-BA1C-F7564D2A70DB}.Debug|Any CPU.ActiveCfg = Debug|Any CPU
		{3E1EEE22-B145-4A98-BA1C-F7564D2A70DB}.Release|Any CPU.ActiveCfg = Release|Any CPU
	EndGlobalSection
	GlobalSection(SolutionProperties) = preSolution
		HideSolutionNode = FALSE
	EndGlobalSection
	GlobalSection(ExtensibilityGlobals) = postSolution
		SolutionGuid = {3DDB43DE-2416-4EF8-A7EF-8AA8A8C40FEB}
	EndGlobalSection
EndGlobal
